// !$*UTF8*$!
{
	archiveVersion = 1;
	classes = {
	};
	objectVersion = 56;
	objects = {

/* Begin PBXBuildFile section */
		815E64F62C1AD433000185D7 /* AppDelegate.swift in Sources */ = {isa = PBXBuildFile; fileRef = 815E64F52C1AD433000185D7 /* AppDelegate.swift */; };
		815E64F82C1AD433000185D7 /* SceneDelegate.swift in Sources */ = {isa = PBXBuildFile; fileRef = 815E64F72C1AD433000185D7 /* SceneDelegate.swift */; };
		815E64FA2C1AD433000185D7 /* ViewController.swift in Sources */ = {isa = PBXBuildFile; fileRef = 815E64F92C1AD433000185D7 /* ViewController.swift */; };
		815E64FF2C1AD434000185D7 /* Assets.xcassets in Resources */ = {isa = PBXBuildFile; fileRef = 815E64FE2C1AD434000185D7 /* Assets.xcassets */; };
		815E65022C1AD434000185D7 /* Base in Resources */ = {isa = PBXBuildFile; fileRef = 815E65012C1AD434000185D7 /* Base */; };
		815E650A2C1AD4E5000185D7 /* .gitignore in Resources */ = {isa = PBXBuildFile; fileRef = 815E65092C1AD4E5000185D7 /* .gitignore */; };
		815E65102C1AD90F000185D7 /* ENV.swift in Sources */ = {isa = PBXBuildFile; fileRef = 815E650F2C1AD90F000185D7 /* ENV.swift */; };
		815E65152C1AE831000185D7 /* Product.swift in Sources */ = {isa = PBXBuildFile; fileRef = 815E65142C1AE831000185D7 /* Product.swift */; };
		815E65182C1AEA31000185D7 /* Alamofire in Frameworks */ = {isa = PBXBuildFile; productRef = 815E65172C1AEA31000185D7 /* Alamofire */; };
		815E651A2C1AEABC000185D7 /* User.swift in Sources */ = {isa = PBXBuildFile; fileRef = 815E65192C1AEABC000185D7 /* User.swift */; };
		815E651D2C1AF3CB000185D7 /* forArray.swift in Sources */ = {isa = PBXBuildFile; fileRef = 815E651C2C1AF3CB000185D7 /* forArray.swift */; };
		815E651F2C1AF5CA000185D7 /* forAPI.swift in Sources */ = {isa = PBXBuildFile; fileRef = 815E651E2C1AF5CA000185D7 /* forAPI.swift */; };
		815E65212C1AFB38000185D7 /* forUserDefaults.swift in Sources */ = {isa = PBXBuildFile; fileRef = 815E65202C1AFB38000185D7 /* forUserDefaults.swift */; };
/* End PBXBuildFile section */

/* Begin PBXFileReference section */
		815E64F22C1AD433000185D7 /* ddonawa.app */ = {isa = PBXFileReference; explicitFileType = wrapper.application; includeInIndex = 0; path = ddonawa.app; sourceTree = BUILT_PRODUCTS_DIR; };
		815E64F52C1AD433000185D7 /* AppDelegate.swift */ = {isa = PBXFileReference; lastKnownFileType = sourcecode.swift; path = AppDelegate.swift; sourceTree = "<group>"; };
		815E64F72C1AD433000185D7 /* SceneDelegate.swift */ = {isa = PBXFileReference; lastKnownFileType = sourcecode.swift; path = SceneDelegate.swift; sourceTree = "<group>"; };
		815E64F92C1AD433000185D7 /* ViewController.swift */ = {isa = PBXFileReference; lastKnownFileType = sourcecode.swift; path = ViewController.swift; sourceTree = "<group>"; };
		815E64FE2C1AD434000185D7 /* Assets.xcassets */ = {isa = PBXFileReference; lastKnownFileType = folder.assetcatalog; path = Assets.xcassets; sourceTree = "<group>"; };
		815E65012C1AD434000185D7 /* Base */ = {isa = PBXFileReference; lastKnownFileType = file.storyboard; name = Base; path = Base.lproj/LaunchScreen.storyboard; sourceTree = "<group>"; };
		815E65032C1AD434000185D7 /* Info.plist */ = {isa = PBXFileReference; lastKnownFileType = text.plist.xml; path = Info.plist; sourceTree = "<group>"; };
		815E65092C1AD4E5000185D7 /* .gitignore */ = {isa = PBXFileReference; lastKnownFileType = text; path = .gitignore; sourceTree = "<group>"; };
		815E650B2C1AD4F5000185D7 /* README.md */ = {isa = PBXFileReference; lastKnownFileType = net.daringfireball.markdown; path = README.md; sourceTree = "<group>"; };
		815E650F2C1AD90F000185D7 /* ENV.swift */ = {isa = PBXFileReference; lastKnownFileType = sourcecode.swift; path = ENV.swift; sourceTree = "<group>"; };
		815E65142C1AE831000185D7 /* Product.swift */ = {isa = PBXFileReference; lastKnownFileType = sourcecode.swift; path = Product.swift; sourceTree = "<group>"; };
		815E65192C1AEABC000185D7 /* User.swift */ = {isa = PBXFileReference; lastKnownFileType = sourcecode.swift; path = User.swift; sourceTree = "<group>"; };
		815E651C2C1AF3CB000185D7 /* forArray.swift */ = {isa = PBXFileReference; lastKnownFileType = sourcecode.swift; path = forArray.swift; sourceTree = "<group>"; };
		815E651E2C1AF5CA000185D7 /* forAPI.swift */ = {isa = PBXFileReference; lastKnownFileType = sourcecode.swift; path = forAPI.swift; sourceTree = "<group>"; };
		815E65202C1AFB38000185D7 /* forUserDefaults.swift */ = {isa = PBXFileReference; lastKnownFileType = sourcecode.swift; path = forUserDefaults.swift; sourceTree = "<group>"; };
/* End PBXFileReference section */

/* Begin PBXFrameworksBuildPhase section */
		815E64EF2C1AD433000185D7 /* Frameworks */ = {
			isa = PBXFrameworksBuildPhase;
			buildActionMask = 2147483647;
			files = (
				815E65182C1AEA31000185D7 /* Alamofire in Frameworks */,
			);
			runOnlyForDeploymentPostprocessing = 0;
		};
/* End PBXFrameworksBuildPhase section */

/* Begin PBXGroup section */
		815E64E92C1AD433000185D7 = {
			isa = PBXGroup;
			children = (
				815E650B2C1AD4F5000185D7 /* README.md */,
				815E65092C1AD4E5000185D7 /* .gitignore */,
				815E64F42C1AD433000185D7 /* ddonawa */,
				815E64F32C1AD433000185D7 /* Products */,
			);
			sourceTree = "<group>";
		};
		815E64F32C1AD433000185D7 /* Products */ = {
			isa = PBXGroup;
			children = (
				815E64F22C1AD433000185D7 /* ddonawa.app */,
			);
			name = Products;
			sourceTree = "<group>";
		};
		815E64F42C1AD433000185D7 /* ddonawa */ = {
			isa = PBXGroup;
			children = (
				815E65132C1AE81B000185D7 /* Model */,
				815E65122C1AE815000185D7 /* View */,
				815E65112C1AE810000185D7 /* Utils */,
				815E650C2C1AD510000185D7 /* Constants */,
				815E64F52C1AD433000185D7 /* AppDelegate.swift */,
				815E64F72C1AD433000185D7 /* SceneDelegate.swift */,
				815E64F92C1AD433000185D7 /* ViewController.swift */,
				815E64FE2C1AD434000185D7 /* Assets.xcassets */,
				815E65002C1AD434000185D7 /* LaunchScreen.storyboard */,
				815E650F2C1AD90F000185D7 /* ENV.swift */,
				815E65032C1AD434000185D7 /* Info.plist */,
			);
			path = ddonawa;
			sourceTree = "<group>";
		};
		815E650C2C1AD510000185D7 /* Constants */ = {
			isa = PBXGroup;
			children = (
			);
			path = Constants;
			sourceTree = "<group>";
		};
		815E65112C1AE810000185D7 /* Utils */ = {
			isa = PBXGroup;
			children = (
				815E651B2C1AF3B1000185D7 /* Helpers */,
			);
			path = Utils;
			sourceTree = "<group>";
		};
		815E65122C1AE815000185D7 /* View */ = {
			isa = PBXGroup;
			children = (
			);
			path = View;
			sourceTree = "<group>";
		};
		815E65132C1AE81B000185D7 /* Model */ = {
			isa = PBXGroup;
			children = (
				815E65142C1AE831000185D7 /* Product.swift */,
				815E65192C1AEABC000185D7 /* User.swift */,
			);
			path = Model;
			sourceTree = "<group>";
		};
		815E651B2C1AF3B1000185D7 /* Helpers */ = {
			isa = PBXGroup;
			children = (
				815E651C2C1AF3CB000185D7 /* forArray.swift */,
				815E651E2C1AF5CA000185D7 /* forAPI.swift */,
				815E65202C1AFB38000185D7 /* forUserDefaults.swift */,
			);
			path = Helpers;
			sourceTree = "<group>";
		};
/* End PBXGroup section */

/* Begin PBXNativeTarget section */
		815E64F12C1AD433000185D7 /* ddonawa */ = {
			isa = PBXNativeTarget;
			buildConfigurationList = 815E65062C1AD434000185D7 /* Build configuration list for PBXNativeTarget "ddonawa" */;
			buildPhases = (
				815E64EE2C1AD433000185D7 /* Sources */,
				815E64EF2C1AD433000185D7 /* Frameworks */,
				815E64F02C1AD433000185D7 /* Resources */,
			);
			buildRules = (
			);
			dependencies = (
			);
			name = ddonawa;
			packageProductDependencies = (
				815E65172C1AEA31000185D7 /* Alamofire */,
			);
			productName = ddonawa;
			productReference = 815E64F22C1AD433000185D7 /* ddonawa.app */;
			productType = "com.apple.product-type.application";
		};
/* End PBXNativeTarget section */

/* Begin PBXProject section */
		815E64EA2C1AD433000185D7 /* Project object */ = {
			isa = PBXProject;
			attributes = {
				BuildIndependentTargetsInParallel = 1;
				LastSwiftUpdateCheck = 1530;
				LastUpgradeCheck = 1530;
				TargetAttributes = {
					815E64F12C1AD433000185D7 = {
						CreatedOnToolsVersion = 15.3;
					};
				};
			};
			buildConfigurationList = 815E64ED2C1AD433000185D7 /* Build configuration list for PBXProject "ddonawa" */;
			compatibilityVersion = "Xcode 14.0";
			developmentRegion = en;
			hasScannedForEncodings = 0;
			knownRegions = (
				en,
				Base,
			);
			mainGroup = 815E64E92C1AD433000185D7;
			packageReferences = (
				815E65162C1AEA31000185D7 /* XCRemoteSwiftPackageReference "Alamofire" */,
			);
			productRefGroup = 815E64F32C1AD433000185D7 /* Products */;
			projectDirPath = "";
			projectRoot = "";
			targets = (
				815E64F12C1AD433000185D7 /* ddonawa */,
			);
		};
/* End PBXProject section */

/* Begin PBXResourcesBuildPhase section */
		815E64F02C1AD433000185D7 /* Resources */ = {
			isa = PBXResourcesBuildPhase;
			buildActionMask = 2147483647;
			files = (
				815E64FF2C1AD434000185D7 /* Assets.xcassets in Resources */,
				815E650A2C1AD4E5000185D7 /* .gitignore in Resources */,
				815E65022C1AD434000185D7 /* Base in Resources */,
			);
			runOnlyForDeploymentPostprocessing = 0;
		};
/* End PBXResourcesBuildPhase section */

/* Begin PBXSourcesBuildPhase section */
		815E64EE2C1AD433000185D7 /* Sources */ = {
			isa = PBXSourcesBuildPhase;
			buildActionMask = 2147483647;
			files = (
				815E64FA2C1AD433000185D7 /* ViewController.swift in Sources */,
				815E65102C1AD90F000185D7 /* ENV.swift in Sources */,
				815E651D2C1AF3CB000185D7 /* forArray.swift in Sources */,
				815E651A2C1AEABC000185D7 /* User.swift in Sources */,
				815E651F2C1AF5CA000185D7 /* forAPI.swift in Sources */,
				815E65212C1AFB38000185D7 /* forUserDefaults.swift in Sources */,
				815E65152C1AE831000185D7 /* Product.swift in Sources */,
				815E64F62C1AD433000185D7 /* AppDelegate.swift in Sources */,
				815E64F82C1AD433000185D7 /* SceneDelegate.swift in Sources */,
			);
			runOnlyForDeploymentPostprocessing = 0;
		};
/* End PBXSourcesBuildPhase section */

/* Begin PBXVariantGroup section */
		815E65002C1AD434000185D7 /* LaunchScreen.storyboard */ = {
			isa = PBXVariantGroup;
			children = (
				815E65012C1AD434000185D7 /* Base */,
			);
			name = LaunchScreen.storyboard;
			sourceTree = "<group>";
		};
/* End PBXVariantGroup section */

/* Begin XCBuildConfiguration section */
		815E65042C1AD434000185D7 /* Debug */ = {
			isa = XCBuildConfiguration;
			buildSettings = {
				ALWAYS_SEARCH_USER_PATHS = NO;
				ASSETCATALOG_COMPILER_GENERATE_SWIFT_ASSET_SYMBOL_EXTENSIONS = YES;
				CLANG_ANALYZER_NONNULL = YES;
				CLANG_ANALYZER_NUMBER_OBJECT_CONVERSION = YES_AGGRESSIVE;
				CLANG_CXX_LANGUAGE_STANDARD = "gnu++20";
				CLANG_ENABLE_MODULES = YES;
				CLANG_ENABLE_OBJC_ARC = YES;
				CLANG_ENABLE_OBJC_WEAK = YES;
				CLANG_WARN_BLOCK_CAPTURE_AUTORELEASING = YES;
				CLANG_WARN_BOOL_CONVERSION = YES;
				CLANG_WARN_COMMA = YES;
				CLANG_WARN_CONSTANT_CONVERSION = YES;
				CLANG_WARN_DEPRECATED_OBJC_IMPLEMENTATIONS = YES;
				CLANG_WARN_DIRECT_OBJC_ISA_USAGE = YES_ERROR;
				CLANG_WARN_DOCUMENTATION_COMMENTS = YES;
				CLANG_WARN_EMPTY_BODY = YES;
				CLANG_WARN_ENUM_CONVERSION = YES;
				CLANG_WARN_INFINITE_RECURSION = YES;
				CLANG_WARN_INT_CONVERSION = YES;
				CLANG_WARN_NON_LITERAL_NULL_CONVERSION = YES;
				CLANG_WARN_OBJC_IMPLICIT_RETAIN_SELF = YES;
				CLANG_WARN_OBJC_LITERAL_CONVERSION = YES;
				CLANG_WARN_OBJC_ROOT_CLASS = YES_ERROR;
				CLANG_WARN_QUOTED_INCLUDE_IN_FRAMEWORK_HEADER = YES;
				CLANG_WARN_RANGE_LOOP_ANALYSIS = YES;
				CLANG_WARN_STRICT_PROTOTYPES = YES;
				CLANG_WARN_SUSPICIOUS_MOVE = YES;
				CLANG_WARN_UNGUARDED_AVAILABILITY = YES_AGGRESSIVE;
				CLANG_WARN_UNREACHABLE_CODE = YES;
				CLANG_WARN__DUPLICATE_METHOD_MATCH = YES;
				COPY_PHASE_STRIP = NO;
				DEBUG_INFORMATION_FORMAT = dwarf;
				ENABLE_STRICT_OBJC_MSGSEND = YES;
				ENABLE_TESTABILITY = YES;
				ENABLE_USER_SCRIPT_SANDBOXING = YES;
				GCC_C_LANGUAGE_STANDARD = gnu17;
				GCC_DYNAMIC_NO_PIC = NO;
				GCC_NO_COMMON_BLOCKS = YES;
				GCC_OPTIMIZATION_LEVEL = 0;
				GCC_PREPROCESSOR_DEFINITIONS = (
					"DEBUG=1",
					"$(inherited)",
				);
				GCC_WARN_64_TO_32_BIT_CONVERSION = YES;
				GCC_WARN_ABOUT_RETURN_TYPE = YES_ERROR;
				GCC_WARN_UNDECLARED_SELECTOR = YES;
				GCC_WARN_UNINITIALIZED_AUTOS = YES_AGGRESSIVE;
				GCC_WARN_UNUSED_FUNCTION = YES;
				GCC_WARN_UNUSED_VARIABLE = YES;
				IPHONEOS_DEPLOYMENT_TARGET = 15.0;
				LOCALIZATION_PREFERS_STRING_CATALOGS = YES;
				MTL_ENABLE_DEBUG_INFO = INCLUDE_SOURCE;
				MTL_FAST_MATH = YES;
				ONLY_ACTIVE_ARCH = YES;
				SDKROOT = iphoneos;
				SWIFT_ACTIVE_COMPILATION_CONDITIONS = "DEBUG $(inherited)";
				SWIFT_OPTIMIZATION_LEVEL = "-Onone";
			};
			name = Debug;
		};
		815E65052C1AD434000185D7 /* Release */ = {
			isa = XCBuildConfiguration;
			buildSettings = {
				ALWAYS_SEARCH_USER_PATHS = NO;
				ASSETCATALOG_COMPILER_GENERATE_SWIFT_ASSET_SYMBOL_EXTENSIONS = YES;
				CLANG_ANALYZER_NONNULL = YES;
				CLANG_ANALYZER_NUMBER_OBJECT_CONVERSION = YES_AGGRESSIVE;
				CLANG_CXX_LANGUAGE_STANDARD = "gnu++20";
				CLANG_ENABLE_MODULES = YES;
				CLANG_ENABLE_OBJC_ARC = YES;
				CLANG_ENABLE_OBJC_WEAK = YES;
				CLANG_WARN_BLOCK_CAPTURE_AUTORELEASING = YES;
				CLANG_WARN_BOOL_CONVERSION = YES;
				CLANG_WARN_COMMA = YES;
				CLANG_WARN_CONSTANT_CONVERSION = YES;
				CLANG_WARN_DEPRECATED_OBJC_IMPLEMENTATIONS = YES;
				CLANG_WARN_DIRECT_OBJC_ISA_USAGE = YES_ERROR;
				CLANG_WARN_DOCUMENTATION_COMMENTS = YES;
				CLANG_WARN_EMPTY_BODY = YES;
				CLANG_WARN_ENUM_CONVERSION = YES;
				CLANG_WARN_INFINITE_RECURSION = YES;
				CLANG_WARN_INT_CONVERSION = YES;
				CLANG_WARN_NON_LITERAL_NULL_CONVERSION = YES;
				CLANG_WARN_OBJC_IMPLICIT_RETAIN_SELF = YES;
				CLANG_WARN_OBJC_LITERAL_CONVERSION = YES;
				CLANG_WARN_OBJC_ROOT_CLASS = YES_ERROR;
				CLANG_WARN_QUOTED_INCLUDE_IN_FRAMEWORK_HEADER = YES;
				CLANG_WARN_RANGE_LOOP_ANALYSIS = YES;
				CLANG_WARN_STRICT_PROTOTYPES = YES;
				CLANG_WARN_SUSPICIOUS_MOVE = YES;
				CLANG_WARN_UNGUARDED_AVAILABILITY = YES_AGGRESSIVE;
				CLANG_WARN_UNREACHABLE_CODE = YES;
				CLANG_WARN__DUPLICATE_METHOD_MATCH = YES;
				COPY_PHASE_STRIP = NO;
				DEBUG_INFORMATION_FORMAT = "dwarf-with-dsym";
				ENABLE_NS_ASSERTIONS = NO;
				ENABLE_STRICT_OBJC_MSGSEND = YES;
				ENABLE_USER_SCRIPT_SANDBOXING = YES;
				GCC_C_LANGUAGE_STANDARD = gnu17;
				GCC_NO_COMMON_BLOCKS = YES;
				GCC_WARN_64_TO_32_BIT_CONVERSION = YES;
				GCC_WARN_ABOUT_RETURN_TYPE = YES_ERROR;
				GCC_WARN_UNDECLARED_SELECTOR = YES;
				GCC_WARN_UNINITIALIZED_AUTOS = YES_AGGRESSIVE;
				GCC_WARN_UNUSED_FUNCTION = YES;
				GCC_WARN_UNUSED_VARIABLE = YES;
				IPHONEOS_DEPLOYMENT_TARGET = 15.0;
				LOCALIZATION_PREFERS_STRING_CATALOGS = YES;
				MTL_ENABLE_DEBUG_INFO = NO;
				MTL_FAST_MATH = YES;
				SDKROOT = iphoneos;
				SWIFT_COMPILATION_MODE = wholemodule;
				VALIDATE_PRODUCT = YES;
			};
			name = Release;
		};
		815E65072C1AD434000185D7 /* Debug */ = {
			isa = XCBuildConfiguration;
			buildSettings = {
				ASSETCATALOG_COMPILER_APPICON_NAME = AppIcon;
				ASSETCATALOG_COMPILER_GLOBAL_ACCENT_COLOR_NAME = AccentColor;
				CODE_SIGN_STYLE = Automatic;
				CURRENT_PROJECT_VERSION = 1;
				DEVELOPMENT_TEAM = YM49LMS87D;
				GENERATE_INFOPLIST_FILE = YES;
				INFOPLIST_FILE = ddonawa/Info.plist;
				INFOPLIST_KEY_CFBundleDisplayName = "강한결";
				INFOPLIST_KEY_UIApplicationSupportsIndirectInputEvents = YES;
				INFOPLIST_KEY_UILaunchStoryboardName = LaunchScreen;
				INFOPLIST_KEY_UISupportedInterfaceOrientations = UIInterfaceOrientationPortrait;
				INFOPLIST_KEY_UISupportedInterfaceOrientations_iPad = UIInterfaceOrientationPortrait;
				IPHONEOS_DEPLOYMENT_TARGET = 15.0;
				LD_RUNPATH_SEARCH_PATHS = (
					"$(inherited)",
					"@executable_path/Frameworks",
				);
				MARKETING_VERSION = 1.0;
				PRODUCT_BUNDLE_IDENTIFIER = com.hk.ddonawa;
				PRODUCT_NAME = "$(TARGET_NAME)";
				SUPPORTED_PLATFORMS = "iphoneos iphonesimulator";
				SUPPORTS_MACCATALYST = NO;
				SUPPORTS_MAC_DESIGNED_FOR_IPHONE_IPAD = NO;
				SUPPORTS_XR_DESIGNED_FOR_IPHONE_IPAD = NO;
				SWIFT_EMIT_LOC_STRINGS = YES;
				SWIFT_VERSION = 5.0;
				TARGETED_DEVICE_FAMILY = 1;
			};
			name = Debug;
		};
		815E65082C1AD434000185D7 /* Release */ = {
			isa = XCBuildConfiguration;
			buildSettings = {
				ASSETCATALOG_COMPILER_APPICON_NAME = AppIcon;
				ASSETCATALOG_COMPILER_GLOBAL_ACCENT_COLOR_NAME = AccentColor;
				CODE_SIGN_STYLE = Automatic;
				CURRENT_PROJECT_VERSION = 1;
				DEVELOPMENT_TEAM = YM49LMS87D;
				GENERATE_INFOPLIST_FILE = YES;
				INFOPLIST_FILE = ddonawa/Info.plist;
				INFOPLIST_KEY_CFBundleDisplayName = "강한결";
				INFOPLIST_KEY_UIApplicationSupportsIndirectInputEvents = YES;
				INFOPLIST_KEY_UILaunchStoryboardName = LaunchScreen;
				INFOPLIST_KEY_UISupportedInterfaceOrientations = UIInterfaceOrientationPortrait;
				INFOPLIST_KEY_UISupportedInterfaceOrientations_iPad = UIInterfaceOrientationPortrait;
				IPHONEOS_DEPLOYMENT_TARGET = 15.0;
				LD_RUNPATH_SEARCH_PATHS = (
					"$(inherited)",
					"@executable_path/Frameworks",
				);
				MARKETING_VERSION = 1.0;
				PRODUCT_BUNDLE_IDENTIFIER = com.hk.ddonawa;
				PRODUCT_NAME = "$(TARGET_NAME)";
				SUPPORTED_PLATFORMS = "iphoneos iphonesimulator";
				SUPPORTS_MACCATALYST = NO;
				SUPPORTS_MAC_DESIGNED_FOR_IPHONE_IPAD = NO;
				SUPPORTS_XR_DESIGNED_FOR_IPHONE_IPAD = NO;
				SWIFT_EMIT_LOC_STRINGS = YES;
				SWIFT_VERSION = 5.0;
				TARGETED_DEVICE_FAMILY = 1;
			};
			name = Release;
		};
/* End XCBuildConfiguration section */

/* Begin XCConfigurationList section */
		815E64ED2C1AD433000185D7 /* Build configuration list for PBXProject "ddonawa" */ = {
			isa = XCConfigurationList;
			buildConfigurations = (
				815E65042C1AD434000185D7 /* Debug */,
				815E65052C1AD434000185D7 /* Release */,
			);
			defaultConfigurationIsVisible = 0;
			defaultConfigurationName = Release;
		};
		815E65062C1AD434000185D7 /* Build configuration list for PBXNativeTarget "ddonawa" */ = {
			isa = XCConfigurationList;
			buildConfigurations = (
				815E65072C1AD434000185D7 /* Debug */,
				815E65082C1AD434000185D7 /* Release */,
			);
			defaultConfigurationIsVisible = 0;
			defaultConfigurationName = Release;
		};
/* End XCConfigurationList section */

/* Begin XCRemoteSwiftPackageReference section */
		815E65162C1AEA31000185D7 /* XCRemoteSwiftPackageReference "Alamofire" */ = {
			isa = XCRemoteSwiftPackageReference;
			repositoryURL = "https://github.com/Alamofire/Alamofire.git";
			requirement = {
				kind = upToNextMajorVersion;
				minimumVersion = 5.9.1;
			};
		};
/* End XCRemoteSwiftPackageReference section */

/* Begin XCSwiftPackageProductDependency section */
		815E65172C1AEA31000185D7 /* Alamofire */ = {
			isa = XCSwiftPackageProductDependency;
			package = 815E65162C1AEA31000185D7 /* XCRemoteSwiftPackageReference "Alamofire" */;
			productName = Alamofire;
		};
/* End XCSwiftPackageProductDependency section */
	};
	rootObject = 815E64EA2C1AD433000185D7 /* Project object */;
}
