// !$*UTF8*$!
{
	archiveVersion = 1;
	classes = {
	};
	objectVersion = 56;
	objects = {

/* Begin PBXBuildFile section */
		810C20922C202B400001B72F /* VCMain.swift in Sources */ = {isa = PBXBuildFile; fileRef = 810C20912C202B400001B72F /* VCMain.swift */; };
		810C20982C202DCF0001B72F /* VProfileImageItem.swift in Sources */ = {isa = PBXBuildFile; fileRef = 810C20972C202DCF0001B72F /* VProfileImageItem.swift */; };
		815E64F62C1AD433000185D7 /* AppDelegate.swift in Sources */ = {isa = PBXBuildFile; fileRef = 815E64F52C1AD433000185D7 /* AppDelegate.swift */; };
		815E64F82C1AD433000185D7 /* SceneDelegate.swift in Sources */ = {isa = PBXBuildFile; fileRef = 815E64F72C1AD433000185D7 /* SceneDelegate.swift */; };
		815E64FA2C1AD433000185D7 /* VCSettingProfile.swift in Sources */ = {isa = PBXBuildFile; fileRef = 815E64F92C1AD433000185D7 /* VCSettingProfile.swift */; };
		815E64FF2C1AD434000185D7 /* Assets.xcassets in Resources */ = {isa = PBXBuildFile; fileRef = 815E64FE2C1AD434000185D7 /* Assets.xcassets */; };
		815E65022C1AD434000185D7 /* Base in Resources */ = {isa = PBXBuildFile; fileRef = 815E65012C1AD434000185D7 /* Base */; };
		815E650A2C1AD4E5000185D7 /* .gitignore in Resources */ = {isa = PBXBuildFile; fileRef = 815E65092C1AD4E5000185D7 /* .gitignore */; };
		815E65102C1AD90F000185D7 /* ENV.swift in Sources */ = {isa = PBXBuildFile; fileRef = 815E650F2C1AD90F000185D7 /* ENV.swift */; };
		815E65152C1AE831000185D7 /* Product.swift in Sources */ = {isa = PBXBuildFile; fileRef = 815E65142C1AE831000185D7 /* Product.swift */; };
		815E65182C1AEA31000185D7 /* Alamofire in Frameworks */ = {isa = PBXBuildFile; productRef = 815E65172C1AEA31000185D7 /* Alamofire */; };
		815E651A2C1AEABC000185D7 /* User.swift in Sources */ = {isa = PBXBuildFile; fileRef = 815E65192C1AEABC000185D7 /* User.swift */; };
		815E651D2C1AF3CB000185D7 /* forArray.swift in Sources */ = {isa = PBXBuildFile; fileRef = 815E651C2C1AF3CB000185D7 /* forArray.swift */; };
		815E651F2C1AF5CA000185D7 /* forAPI.swift in Sources */ = {isa = PBXBuildFile; fileRef = 815E651E2C1AF5CA000185D7 /* forAPI.swift */; };
		815E65232C1B2CA3000185D7 /* UI.swift in Sources */ = {isa = PBXBuildFile; fileRef = 815E65222C1B2CA3000185D7 /* UI.swift */; };
		815E65262C1B2D2D000185D7 /* SnapKit in Frameworks */ = {isa = PBXBuildFile; productRef = 815E65252C1B2D2D000185D7 /* SnapKit */; };
		815E65292C1B2D39000185D7 /* Kingfisher in Frameworks */ = {isa = PBXBuildFile; productRef = 815E65282C1B2D39000185D7 /* Kingfisher */; };
		815E652B2C1B36E2000185D7 /* Icons.swift in Sources */ = {isa = PBXBuildFile; fileRef = 815E652A2C1B36E2000185D7 /* Icons.swift */; };
		815E652D2C1B36F5000185D7 /* Figure.swift in Sources */ = {isa = PBXBuildFile; fileRef = 815E652C2C1B36F5000185D7 /* Figure.swift */; };
		815E652F2C1B37D6000185D7 /* Texts.swift in Sources */ = {isa = PBXBuildFile; fileRef = 815E652E2C1B37D6000185D7 /* Texts.swift */; };
		815E65322C1B38E0000185D7 /* VCOnboardingMain.swift in Sources */ = {isa = PBXBuildFile; fileRef = 815E65312C1B38E0000185D7 /* VCOnboardingMain.swift */; };
		815E65352C1B39AA000185D7 /* forVC.swift in Sources */ = {isa = PBXBuildFile; fileRef = 815E65342C1B39AA000185D7 /* forVC.swift */; };
		815E65382C1B3A6E000185D7 /* VConfirmButton.swift in Sources */ = {isa = PBXBuildFile; fileRef = 815E65372C1B3A6E000185D7 /* VConfirmButton.swift */; };
		815E653C2C1BC488000185D7 /* VUnderlinedTextField.swift in Sources */ = {isa = PBXBuildFile; fileRef = 815E653B2C1BC488000185D7 /* VUnderlinedTextField.swift */; };
		818C3D132C202E1400A057EE /* VSettingCell.swift in Sources */ = {isa = PBXBuildFile; fileRef = 818C3D122C202E1400A057EE /* VSettingCell.swift */; };
		81D18EC22C1FAFA500480184 /* Table.swift in Sources */ = {isa = PBXBuildFile; fileRef = 81D18EC12C1FAFA500480184 /* Table.swift */; };
		81D18EC82C1FB95E00480184 /* forSegue.swift in Sources */ = {isa = PBXBuildFile; fileRef = 81D18EC72C1FB95E00480184 /* forSegue.swift */; };
		81DBEA1B2C25046E0087016A /* UserService.swift in Sources */ = {isa = PBXBuildFile; fileRef = 81DBEA1A2C25046E0087016A /* UserService.swift */; };
		81DBEA1D2C2509B10087016A /* forValidation.swift in Sources */ = {isa = PBXBuildFile; fileRef = 81DBEA1C2C2509B10087016A /* forValidation.swift */; };
		81DBEA202C251B310087016A /* Toast in Frameworks */ = {isa = PBXBuildFile; productRef = 81DBEA1F2C251B310087016A /* Toast */; };
		81DC84AE2C1BF0DF00730BAC /* VProfile.swift in Sources */ = {isa = PBXBuildFile; fileRef = 81DC84AD2C1BF0DF00730BAC /* VProfile.swift */; };
		81DC84B02C1BF1F500730BAC /* VProfileImage.swift in Sources */ = {isa = PBXBuildFile; fileRef = 81DC84AF2C1BF1F500730BAC /* VProfileImage.swift */; };
		81DC84B22C1BFEC300730BAC /* VUpdateProfileImgButton.swift in Sources */ = {isa = PBXBuildFile; fileRef = 81DC84B12C1BFEC300730BAC /* VUpdateProfileImgButton.swift */; };
		81DC84B42C1C078600730BAC /* forRandomValue.swift in Sources */ = {isa = PBXBuildFile; fileRef = 81DC84B32C1C078600730BAC /* forRandomValue.swift */; };
		81DC84B62C1C1BD000730BAC /* VIndicatingLabel.swift in Sources */ = {isa = PBXBuildFile; fileRef = 81DC84B52C1C1BD000730BAC /* VIndicatingLabel.swift */; };
		81DC84B92C1C27BE00730BAC /* VCSearchingMain.swift in Sources */ = {isa = PBXBuildFile; fileRef = 81DC84B82C1C27BE00730BAC /* VCSearchingMain.swift */; };
		81DC84BB2C1C29C500730BAC /* VCSelectProfileImage.swift in Sources */ = {isa = PBXBuildFile; fileRef = 81DC84BA2C1C29C500730BAC /* VCSelectProfileImage.swift */; };
		81DC84BF2C1C382100730BAC /* VProfileImageCollection.swift in Sources */ = {isa = PBXBuildFile; fileRef = 81DC84BE2C1C382100730BAC /* VProfileImageCollection.swift */; };
		81DC84C12C1C471400730BAC /* ProfileImage.swift in Sources */ = {isa = PBXBuildFile; fileRef = 81DC84C02C1C471400730BAC /* ProfileImage.swift */; };
		81DC84C32C1C4EB000730BAC /* forProfileImage.swift in Sources */ = {isa = PBXBuildFile; fileRef = 81DC84C22C1C4EB000730BAC /* forProfileImage.swift */; };
		81DC84C52C1D138C00730BAC /* VLabel.swift in Sources */ = {isa = PBXBuildFile; fileRef = 81DC84C42C1D138C00730BAC /* VLabel.swift */; };
		81DC84C72C1D1C0D00730BAC /* VRecentSearchCell.swift in Sources */ = {isa = PBXBuildFile; fileRef = 81DC84C62C1D1C0D00730BAC /* VRecentSearchCell.swift */; };
		81DC84C92C1D445500730BAC /* VCSearchingList.swift in Sources */ = {isa = PBXBuildFile; fileRef = 81DC84C82C1D445500730BAC /* VCSearchingList.swift */; };
		81DC84CB2C1D534800730BAC /* VFilterButton.swift in Sources */ = {isa = PBXBuildFile; fileRef = 81DC84CA2C1D534800730BAC /* VFilterButton.swift */; };
		81DC84CD2C1D60D700730BAC /* VSeachingItem.swift in Sources */ = {isa = PBXBuildFile; fileRef = 81DC84CC2C1D60D700730BAC /* VSeachingItem.swift */; };
		81DC84D02C1D623200730BAC /* TCMain.swift in Sources */ = {isa = PBXBuildFile; fileRef = 81DC84CF2C1D623200730BAC /* TCMain.swift */; };
		81DC84D32C1D68B000730BAC /* VCSettingMain.swift in Sources */ = {isa = PBXBuildFile; fileRef = 81DC84D22C1D68B000730BAC /* VCSettingMain.swift */; };
		81DC84D52C1D75DF00730BAC /* forLabel.swift in Sources */ = {isa = PBXBuildFile; fileRef = 81DC84D42C1D75DF00730BAC /* forLabel.swift */; };
		81DC84D72C1D977600730BAC /* VCSearchingDetail.swift in Sources */ = {isa = PBXBuildFile; fileRef = 81DC84D62C1D977600730BAC /* VCSearchingDetail.swift */; };
		81ED23212C2067B800CE51F1 /* VRandomButton.swift in Sources */ = {isa = PBXBuildFile; fileRef = 81ED23202C2067B800CE51F1 /* VRandomButton.swift */; };
/* End PBXBuildFile section */

/* Begin PBXFileReference section */
		810C20912C202B400001B72F /* VCMain.swift */ = {isa = PBXFileReference; lastKnownFileType = sourcecode.swift; path = VCMain.swift; sourceTree = "<group>"; };
		810C20972C202DCF0001B72F /* VProfileImageItem.swift */ = {isa = PBXFileReference; lastKnownFileType = sourcecode.swift; path = VProfileImageItem.swift; sourceTree = "<group>"; };
		815E64F22C1AD433000185D7 /* ddonawa.app */ = {isa = PBXFileReference; explicitFileType = wrapper.application; includeInIndex = 0; path = ddonawa.app; sourceTree = BUILT_PRODUCTS_DIR; };
		815E64F52C1AD433000185D7 /* AppDelegate.swift */ = {isa = PBXFileReference; lastKnownFileType = sourcecode.swift; path = AppDelegate.swift; sourceTree = "<group>"; };
		815E64F72C1AD433000185D7 /* SceneDelegate.swift */ = {isa = PBXFileReference; lastKnownFileType = sourcecode.swift; path = SceneDelegate.swift; sourceTree = "<group>"; };
		815E64F92C1AD433000185D7 /* VCSettingProfile.swift */ = {isa = PBXFileReference; lastKnownFileType = sourcecode.swift; path = VCSettingProfile.swift; sourceTree = "<group>"; };
		815E64FE2C1AD434000185D7 /* Assets.xcassets */ = {isa = PBXFileReference; lastKnownFileType = folder.assetcatalog; path = Assets.xcassets; sourceTree = "<group>"; };
		815E65012C1AD434000185D7 /* Base */ = {isa = PBXFileReference; lastKnownFileType = file.storyboard; name = Base; path = Base.lproj/LaunchScreen.storyboard; sourceTree = "<group>"; };
		815E65032C1AD434000185D7 /* Info.plist */ = {isa = PBXFileReference; lastKnownFileType = text.plist.xml; path = Info.plist; sourceTree = "<group>"; };
		815E65092C1AD4E5000185D7 /* .gitignore */ = {isa = PBXFileReference; lastKnownFileType = text; path = .gitignore; sourceTree = "<group>"; };
		815E650B2C1AD4F5000185D7 /* README.md */ = {isa = PBXFileReference; lastKnownFileType = net.daringfireball.markdown; path = README.md; sourceTree = "<group>"; };
		815E650F2C1AD90F000185D7 /* ENV.swift */ = {isa = PBXFileReference; lastKnownFileType = sourcecode.swift; path = ENV.swift; sourceTree = "<group>"; };
		815E65142C1AE831000185D7 /* Product.swift */ = {isa = PBXFileReference; lastKnownFileType = sourcecode.swift; path = Product.swift; sourceTree = "<group>"; };
		815E65192C1AEABC000185D7 /* User.swift */ = {isa = PBXFileReference; lastKnownFileType = sourcecode.swift; path = User.swift; sourceTree = "<group>"; };
		815E651C2C1AF3CB000185D7 /* forArray.swift */ = {isa = PBXFileReference; lastKnownFileType = sourcecode.swift; path = forArray.swift; sourceTree = "<group>"; };
		815E651E2C1AF5CA000185D7 /* forAPI.swift */ = {isa = PBXFileReference; lastKnownFileType = sourcecode.swift; path = forAPI.swift; sourceTree = "<group>"; };
		815E65222C1B2CA3000185D7 /* UI.swift */ = {isa = PBXFileReference; lastKnownFileType = sourcecode.swift; path = UI.swift; sourceTree = "<group>"; };
		815E652A2C1B36E2000185D7 /* Icons.swift */ = {isa = PBXFileReference; lastKnownFileType = sourcecode.swift; path = Icons.swift; sourceTree = "<group>"; };
		815E652C2C1B36F5000185D7 /* Figure.swift */ = {isa = PBXFileReference; lastKnownFileType = sourcecode.swift; path = Figure.swift; sourceTree = "<group>"; };
		815E652E2C1B37D6000185D7 /* Texts.swift */ = {isa = PBXFileReference; lastKnownFileType = sourcecode.swift; path = Texts.swift; sourceTree = "<group>"; };
		815E65312C1B38E0000185D7 /* VCOnboardingMain.swift */ = {isa = PBXFileReference; lastKnownFileType = sourcecode.swift; path = VCOnboardingMain.swift; sourceTree = "<group>"; };
		815E65342C1B39AA000185D7 /* forVC.swift */ = {isa = PBXFileReference; lastKnownFileType = sourcecode.swift; path = forVC.swift; sourceTree = "<group>"; };
		815E65372C1B3A6E000185D7 /* VConfirmButton.swift */ = {isa = PBXFileReference; lastKnownFileType = sourcecode.swift; path = VConfirmButton.swift; sourceTree = "<group>"; };
		815E653B2C1BC488000185D7 /* VUnderlinedTextField.swift */ = {isa = PBXFileReference; lastKnownFileType = sourcecode.swift; path = VUnderlinedTextField.swift; sourceTree = "<group>"; };
		818C3D122C202E1400A057EE /* VSettingCell.swift */ = {isa = PBXFileReference; lastKnownFileType = sourcecode.swift; path = VSettingCell.swift; sourceTree = "<group>"; };
		81D18EC12C1FAFA500480184 /* Table.swift */ = {isa = PBXFileReference; lastKnownFileType = sourcecode.swift; path = Table.swift; sourceTree = "<group>"; };
		81D18EC72C1FB95E00480184 /* forSegue.swift */ = {isa = PBXFileReference; lastKnownFileType = sourcecode.swift; path = forSegue.swift; sourceTree = "<group>"; };
		81DBEA1A2C25046E0087016A /* UserService.swift */ = {isa = PBXFileReference; lastKnownFileType = sourcecode.swift; path = UserService.swift; sourceTree = "<group>"; };
		81DBEA1C2C2509B10087016A /* forValidation.swift */ = {isa = PBXFileReference; lastKnownFileType = sourcecode.swift; path = forValidation.swift; sourceTree = "<group>"; };
		81DC84AD2C1BF0DF00730BAC /* VProfile.swift */ = {isa = PBXFileReference; lastKnownFileType = sourcecode.swift; path = VProfile.swift; sourceTree = "<group>"; };
		81DC84AF2C1BF1F500730BAC /* VProfileImage.swift */ = {isa = PBXFileReference; lastKnownFileType = sourcecode.swift; path = VProfileImage.swift; sourceTree = "<group>"; };
		81DC84B12C1BFEC300730BAC /* VUpdateProfileImgButton.swift */ = {isa = PBXFileReference; lastKnownFileType = sourcecode.swift; path = VUpdateProfileImgButton.swift; sourceTree = "<group>"; };
		81DC84B32C1C078600730BAC /* forRandomValue.swift */ = {isa = PBXFileReference; lastKnownFileType = sourcecode.swift; path = forRandomValue.swift; sourceTree = "<group>"; };
		81DC84B52C1C1BD000730BAC /* VIndicatingLabel.swift */ = {isa = PBXFileReference; lastKnownFileType = sourcecode.swift; path = VIndicatingLabel.swift; sourceTree = "<group>"; };
		81DC84B82C1C27BE00730BAC /* VCSearchingMain.swift */ = {isa = PBXFileReference; lastKnownFileType = sourcecode.swift; path = VCSearchingMain.swift; sourceTree = "<group>"; };
		81DC84BA2C1C29C500730BAC /* VCSelectProfileImage.swift */ = {isa = PBXFileReference; lastKnownFileType = sourcecode.swift; path = VCSelectProfileImage.swift; sourceTree = "<group>"; };
		81DC84BE2C1C382100730BAC /* VProfileImageCollection.swift */ = {isa = PBXFileReference; lastKnownFileType = sourcecode.swift; path = VProfileImageCollection.swift; sourceTree = "<group>"; };
		81DC84C02C1C471400730BAC /* ProfileImage.swift */ = {isa = PBXFileReference; lastKnownFileType = sourcecode.swift; path = ProfileImage.swift; sourceTree = "<group>"; };
		81DC84C22C1C4EB000730BAC /* forProfileImage.swift */ = {isa = PBXFileReference; lastKnownFileType = sourcecode.swift; path = forProfileImage.swift; sourceTree = "<group>"; };
		81DC84C42C1D138C00730BAC /* VLabel.swift */ = {isa = PBXFileReference; lastKnownFileType = sourcecode.swift; path = VLabel.swift; sourceTree = "<group>"; };
		81DC84C62C1D1C0D00730BAC /* VRecentSearchCell.swift */ = {isa = PBXFileReference; lastKnownFileType = sourcecode.swift; path = VRecentSearchCell.swift; sourceTree = "<group>"; };
		81DC84C82C1D445500730BAC /* VCSearchingList.swift */ = {isa = PBXFileReference; lastKnownFileType = sourcecode.swift; path = VCSearchingList.swift; sourceTree = "<group>"; };
		81DC84CA2C1D534800730BAC /* VFilterButton.swift */ = {isa = PBXFileReference; lastKnownFileType = sourcecode.swift; path = VFilterButton.swift; sourceTree = "<group>"; };
		81DC84CC2C1D60D700730BAC /* VSeachingItem.swift */ = {isa = PBXFileReference; lastKnownFileType = sourcecode.swift; path = VSeachingItem.swift; sourceTree = "<group>"; };
		81DC84CF2C1D623200730BAC /* TCMain.swift */ = {isa = PBXFileReference; lastKnownFileType = sourcecode.swift; path = TCMain.swift; sourceTree = "<group>"; };
		81DC84D22C1D68B000730BAC /* VCSettingMain.swift */ = {isa = PBXFileReference; lastKnownFileType = sourcecode.swift; path = VCSettingMain.swift; sourceTree = "<group>"; };
		81DC84D42C1D75DF00730BAC /* forLabel.swift */ = {isa = PBXFileReference; lastKnownFileType = sourcecode.swift; path = forLabel.swift; sourceTree = "<group>"; };
		81DC84D62C1D977600730BAC /* VCSearchingDetail.swift */ = {isa = PBXFileReference; lastKnownFileType = sourcecode.swift; path = VCSearchingDetail.swift; sourceTree = "<group>"; };
		81ED23202C2067B800CE51F1 /* VRandomButton.swift */ = {isa = PBXFileReference; lastKnownFileType = sourcecode.swift; path = VRandomButton.swift; sourceTree = "<group>"; };
/* End PBXFileReference section */

/* Begin PBXFrameworksBuildPhase section */
		815E64EF2C1AD433000185D7 /* Frameworks */ = {
			isa = PBXFrameworksBuildPhase;
			buildActionMask = 2147483647;
			files = (
				81DBEA202C251B310087016A /* Toast in Frameworks */,
				815E65292C1B2D39000185D7 /* Kingfisher in Frameworks */,
				815E65182C1AEA31000185D7 /* Alamofire in Frameworks */,
				815E65262C1B2D2D000185D7 /* SnapKit in Frameworks */,
			);
			runOnlyForDeploymentPostprocessing = 0;
		};
/* End PBXFrameworksBuildPhase section */

/* Begin PBXGroup section */
		810C20932C202C500001B72F /* Button */ = {
			isa = PBXGroup;
			children = (
				815E65372C1B3A6E000185D7 /* VConfirmButton.swift */,
				81DC84B12C1BFEC300730BAC /* VUpdateProfileImgButton.swift */,
				81DC84CA2C1D534800730BAC /* VFilterButton.swift */,
				81ED23202C2067B800CE51F1 /* VRandomButton.swift */,
			);
			path = Button;
			sourceTree = "<group>";
		};
		810C20942C202C710001B72F /* Cell */ = {
			isa = PBXGroup;
			children = (
				81DC84C62C1D1C0D00730BAC /* VRecentSearchCell.swift */,
				818C3D122C202E1400A057EE /* VSettingCell.swift */,
			);
			path = Cell;
			sourceTree = "<group>";
		};
		810C20952C202C810001B72F /* Item */ = {
			isa = PBXGroup;
			children = (
				81DC84BE2C1C382100730BAC /* VProfileImageCollection.swift */,
				81DC84CC2C1D60D700730BAC /* VSeachingItem.swift */,
				810C20972C202DCF0001B72F /* VProfileImageItem.swift */,
			);
			path = Item;
			sourceTree = "<group>";
		};
		810C20962C202CA30001B72F /* Label */ = {
			isa = PBXGroup;
			children = (
				81DC84B52C1C1BD000730BAC /* VIndicatingLabel.swift */,
				81DC84C42C1D138C00730BAC /* VLabel.swift */,
			);
			path = Label;
			sourceTree = "<group>";
		};
		815E64E92C1AD433000185D7 = {
			isa = PBXGroup;
			children = (
				815E650B2C1AD4F5000185D7 /* README.md */,
				815E65092C1AD4E5000185D7 /* .gitignore */,
				815E64F42C1AD433000185D7 /* ddonawa */,
				815E64F32C1AD433000185D7 /* Products */,
			);
			sourceTree = "<group>";
		};
		815E64F32C1AD433000185D7 /* Products */ = {
			isa = PBXGroup;
			children = (
				815E64F22C1AD433000185D7 /* ddonawa.app */,
			);
			name = Products;
			sourceTree = "<group>";
		};
		815E64F42C1AD433000185D7 /* ddonawa */ = {
			isa = PBXGroup;
			children = (
				815E65132C1AE81B000185D7 /* Model */,
				815E65122C1AE815000185D7 /* View */,
				815E65112C1AE810000185D7 /* Utils */,
				815E650C2C1AD510000185D7 /* Constants */,
				815E64F52C1AD433000185D7 /* AppDelegate.swift */,
				815E64F72C1AD433000185D7 /* SceneDelegate.swift */,
				815E650F2C1AD90F000185D7 /* ENV.swift */,
				815E64FE2C1AD434000185D7 /* Assets.xcassets */,
				815E65002C1AD434000185D7 /* LaunchScreen.storyboard */,
				815E65032C1AD434000185D7 /* Info.plist */,
			);
			path = ddonawa;
			sourceTree = "<group>";
		};
		815E650C2C1AD510000185D7 /* Constants */ = {
			isa = PBXGroup;
			children = (
				815E65222C1B2CA3000185D7 /* UI.swift */,
				815E652A2C1B36E2000185D7 /* Icons.swift */,
				815E652C2C1B36F5000185D7 /* Figure.swift */,
				815E652E2C1B37D6000185D7 /* Texts.swift */,
				81D18EC12C1FAFA500480184 /* Table.swift */,
			);
			path = Constants;
			sourceTree = "<group>";
		};
		815E65112C1AE810000185D7 /* Utils */ = {
			isa = PBXGroup;
			children = (
				815E65332C1B3993000185D7 /* extensions */,
				815E651B2C1AF3B1000185D7 /* Helpers */,
			);
			path = Utils;
			sourceTree = "<group>";
		};
		815E65122C1AE815000185D7 /* View */ = {
			isa = PBXGroup;
			children = (
				81DC84CE2C1D621200730BAC /* Common */,
				815E65362C1B3A3C000185D7 /* Reusable */,
				815E65302C1B38A9000185D7 /* Onboarding */,
				81DC84B72C1C279100730BAC /* Searching */,
				81DC84D12C1D689C00730BAC /* Setting */,
			);
			path = View;
			sourceTree = "<group>";
		};
		815E65132C1AE81B000185D7 /* Model */ = {
			isa = PBXGroup;
			children = (
				815E65142C1AE831000185D7 /* Product.swift */,
				815E65192C1AEABC000185D7 /* User.swift */,
				81DC84C02C1C471400730BAC /* ProfileImage.swift */,
				81DBEA1A2C25046E0087016A /* UserService.swift */,
			);
			path = Model;
			sourceTree = "<group>";
		};
		815E651B2C1AF3B1000185D7 /* Helpers */ = {
			isa = PBXGroup;
			children = (
				815E651C2C1AF3CB000185D7 /* forArray.swift */,
				815E651E2C1AF5CA000185D7 /* forAPI.swift */,
				81DC84B32C1C078600730BAC /* forRandomValue.swift */,
				81DC84C22C1C4EB000730BAC /* forProfileImage.swift */,
				81DC84D42C1D75DF00730BAC /* forLabel.swift */,
				81D18EC72C1FB95E00480184 /* forSegue.swift */,
				81DBEA1C2C2509B10087016A /* forValidation.swift */,
			);
			path = Helpers;
			sourceTree = "<group>";
		};
		815E65302C1B38A9000185D7 /* Onboarding */ = {
			isa = PBXGroup;
			children = (
				815E65312C1B38E0000185D7 /* VCOnboardingMain.swift */,
				815E64F92C1AD433000185D7 /* VCSettingProfile.swift */,
				81DC84BA2C1C29C500730BAC /* VCSelectProfileImage.swift */,
			);
			path = Onboarding;
			sourceTree = "<group>";
		};
		815E65332C1B3993000185D7 /* extensions */ = {
			isa = PBXGroup;
			children = (
				815E65342C1B39AA000185D7 /* forVC.swift */,
			);
			path = extensions;
			sourceTree = "<group>";
		};
		815E65362C1B3A3C000185D7 /* Reusable */ = {
			isa = PBXGroup;
			children = (
				810C20932C202C500001B72F /* Button */,
				810C20942C202C710001B72F /* Cell */,
				810C20952C202C810001B72F /* Item */,
				810C20962C202CA30001B72F /* Label */,
				815E653B2C1BC488000185D7 /* VUnderlinedTextField.swift */,
				81DC84AD2C1BF0DF00730BAC /* VProfile.swift */,
				81DC84AF2C1BF1F500730BAC /* VProfileImage.swift */,
			);
			path = Reusable;
			sourceTree = "<group>";
		};
		81DC84B72C1C279100730BAC /* Searching */ = {
			isa = PBXGroup;
			children = (
				81DC84B82C1C27BE00730BAC /* VCSearchingMain.swift */,
				81DC84C82C1D445500730BAC /* VCSearchingList.swift */,
				81DC84D62C1D977600730BAC /* VCSearchingDetail.swift */,
			);
			path = Searching;
			sourceTree = "<group>";
		};
		81DC84CE2C1D621200730BAC /* Common */ = {
			isa = PBXGroup;
			children = (
				81DC84CF2C1D623200730BAC /* TCMain.swift */,
				810C20912C202B400001B72F /* VCMain.swift */,
			);
			path = Common;
			sourceTree = "<group>";
		};
		81DC84D12C1D689C00730BAC /* Setting */ = {
			isa = PBXGroup;
			children = (
				81DC84D22C1D68B000730BAC /* VCSettingMain.swift */,
			);
			path = Setting;
			sourceTree = "<group>";
		};
/* End PBXGroup section */

/* Begin PBXNativeTarget section */
		815E64F12C1AD433000185D7 /* ddonawa */ = {
			isa = PBXNativeTarget;
			buildConfigurationList = 815E65062C1AD434000185D7 /* Build configuration list for PBXNativeTarget "ddonawa" */;
			buildPhases = (
				815E64EE2C1AD433000185D7 /* Sources */,
				815E64EF2C1AD433000185D7 /* Frameworks */,
				815E64F02C1AD433000185D7 /* Resources */,
			);
			buildRules = (
			);
			dependencies = (
			);
			name = ddonawa;
			packageProductDependencies = (
				815E65172C1AEA31000185D7 /* Alamofire */,
				815E65252C1B2D2D000185D7 /* SnapKit */,
				815E65282C1B2D39000185D7 /* Kingfisher */,
				81DBEA1F2C251B310087016A /* Toast */,
			);
			productName = ddonawa;
			productReference = 815E64F22C1AD433000185D7 /* ddonawa.app */;
			productType = "com.apple.product-type.application";
		};
/* End PBXNativeTarget section */

/* Begin PBXProject section */
		815E64EA2C1AD433000185D7 /* Project object */ = {
			isa = PBXProject;
			attributes = {
				BuildIndependentTargetsInParallel = 1;
				LastSwiftUpdateCheck = 1530;
				LastUpgradeCheck = 1530;
				TargetAttributes = {
					815E64F12C1AD433000185D7 = {
						CreatedOnToolsVersion = 15.3;
					};
				};
			};
			buildConfigurationList = 815E64ED2C1AD433000185D7 /* Build configuration list for PBXProject "ddonawa" */;
			compatibilityVersion = "Xcode 14.0";
			developmentRegion = en;
			hasScannedForEncodings = 0;
			knownRegions = (
				en,
				Base,
			);
			mainGroup = 815E64E92C1AD433000185D7;
			packageReferences = (
				815E65162C1AEA31000185D7 /* XCRemoteSwiftPackageReference "Alamofire" */,
				815E65242C1B2D2D000185D7 /* XCRemoteSwiftPackageReference "SnapKit" */,
				815E65272C1B2D39000185D7 /* XCRemoteSwiftPackageReference "Kingfisher" */,
				81DBEA1E2C251B310087016A /* XCRemoteSwiftPackageReference "Toast-Swift" */,
			);
			productRefGroup = 815E64F32C1AD433000185D7 /* Products */;
			projectDirPath = "";
			projectRoot = "";
			targets = (
				815E64F12C1AD433000185D7 /* ddonawa */,
			);
		};
/* End PBXProject section */

/* Begin PBXResourcesBuildPhase section */
		815E64F02C1AD433000185D7 /* Resources */ = {
			isa = PBXResourcesBuildPhase;
			buildActionMask = 2147483647;
			files = (
				815E64FF2C1AD434000185D7 /* Assets.xcassets in Resources */,
				815E650A2C1AD4E5000185D7 /* .gitignore in Resources */,
				815E65022C1AD434000185D7 /* Base in Resources */,
			);
			runOnlyForDeploymentPostprocessing = 0;
		};
/* End PBXResourcesBuildPhase section */

/* Begin PBXSourcesBuildPhase section */
		815E64EE2C1AD433000185D7 /* Sources */ = {
			isa = PBXSourcesBuildPhase;
			buildActionMask = 2147483647;
			files = (
				815E653C2C1BC488000185D7 /* VUnderlinedTextField.swift in Sources */,
				81DC84D02C1D623200730BAC /* TCMain.swift in Sources */,
				815E64FA2C1AD433000185D7 /* VCSettingProfile.swift in Sources */,
				81DC84BB2C1C29C500730BAC /* VCSelectProfileImage.swift in Sources */,
				81DC84AE2C1BF0DF00730BAC /* VProfile.swift in Sources */,
				81DC84B92C1C27BE00730BAC /* VCSearchingMain.swift in Sources */,
				81DC84C92C1D445500730BAC /* VCSearchingList.swift in Sources */,
				81DC84CB2C1D534800730BAC /* VFilterButton.swift in Sources */,
				81DC84D72C1D977600730BAC /* VCSearchingDetail.swift in Sources */,
				81DC84C52C1D138C00730BAC /* VLabel.swift in Sources */,
				81DC84B02C1BF1F500730BAC /* VProfileImage.swift in Sources */,
				815E65102C1AD90F000185D7 /* ENV.swift in Sources */,
				815E65232C1B2CA3000185D7 /* UI.swift in Sources */,
				815E65322C1B38E0000185D7 /* VCOnboardingMain.swift in Sources */,
				81DC84B42C1C078600730BAC /* forRandomValue.swift in Sources */,
				815E651D2C1AF3CB000185D7 /* forArray.swift in Sources */,
				81DC84B62C1C1BD000730BAC /* VIndicatingLabel.swift in Sources */,
				81D18EC82C1FB95E00480184 /* forSegue.swift in Sources */,
				81DBEA1B2C25046E0087016A /* UserService.swift in Sources */,
				815E651A2C1AEABC000185D7 /* User.swift in Sources */,
				81DBEA1D2C2509B10087016A /* forValidation.swift in Sources */,
				81DC84C12C1C471400730BAC /* ProfileImage.swift in Sources */,
				815E652D2C1B36F5000185D7 /* Figure.swift in Sources */,
				81D18EC22C1FAFA500480184 /* Table.swift in Sources */,
				815E651F2C1AF5CA000185D7 /* forAPI.swift in Sources */,
				81ED23212C2067B800CE51F1 /* VRandomButton.swift in Sources */,
				815E65352C1B39AA000185D7 /* forVC.swift in Sources */,
				815E65152C1AE831000185D7 /* Product.swift in Sources */,
				810C20982C202DCF0001B72F /* VProfileImageItem.swift in Sources */,
				815E64F62C1AD433000185D7 /* AppDelegate.swift in Sources */,
				81DC84CD2C1D60D700730BAC /* VSeachingItem.swift in Sources */,
				818C3D132C202E1400A057EE /* VSettingCell.swift in Sources */,
				81DC84BF2C1C382100730BAC /* VProfileImageCollection.swift in Sources */,
				815E652B2C1B36E2000185D7 /* Icons.swift in Sources */,
				81DC84B22C1BFEC300730BAC /* VUpdateProfileImgButton.swift in Sources */,
				81DC84C72C1D1C0D00730BAC /* VRecentSearchCell.swift in Sources */,
				810C20922C202B400001B72F /* VCMain.swift in Sources */,
				81DC84D32C1D68B000730BAC /* VCSettingMain.swift in Sources */,
				81DC84C32C1C4EB000730BAC /* forProfileImage.swift in Sources */,
				815E652F2C1B37D6000185D7 /* Texts.swift in Sources */,
				81DC84D52C1D75DF00730BAC /* forLabel.swift in Sources */,
				815E64F82C1AD433000185D7 /* SceneDelegate.swift in Sources */,
				815E65382C1B3A6E000185D7 /* VConfirmButton.swift in Sources */,
			);
			runOnlyForDeploymentPostprocessing = 0;
		};
/* End PBXSourcesBuildPhase section */

/* Begin PBXVariantGroup section */
		815E65002C1AD434000185D7 /* LaunchScreen.storyboard */ = {
			isa = PBXVariantGroup;
			children = (
				815E65012C1AD434000185D7 /* Base */,
			);
			name = LaunchScreen.storyboard;
			sourceTree = "<group>";
		};
/* End PBXVariantGroup section */

/* Begin XCBuildConfiguration section */
		815E65042C1AD434000185D7 /* Debug */ = {
			isa = XCBuildConfiguration;
			buildSettings = {
				ALWAYS_SEARCH_USER_PATHS = NO;
				ASSETCATALOG_COMPILER_GENERATE_SWIFT_ASSET_SYMBOL_EXTENSIONS = YES;
				CLANG_ANALYZER_NONNULL = YES;
				CLANG_ANALYZER_NUMBER_OBJECT_CONVERSION = YES_AGGRESSIVE;
				CLANG_CXX_LANGUAGE_STANDARD = "gnu++20";
				CLANG_ENABLE_MODULES = YES;
				CLANG_ENABLE_OBJC_ARC = YES;
				CLANG_ENABLE_OBJC_WEAK = YES;
				CLANG_WARN_BLOCK_CAPTURE_AUTORELEASING = YES;
				CLANG_WARN_BOOL_CONVERSION = YES;
				CLANG_WARN_COMMA = YES;
				CLANG_WARN_CONSTANT_CONVERSION = YES;
				CLANG_WARN_DEPRECATED_OBJC_IMPLEMENTATIONS = YES;
				CLANG_WARN_DIRECT_OBJC_ISA_USAGE = YES_ERROR;
				CLANG_WARN_DOCUMENTATION_COMMENTS = YES;
				CLANG_WARN_EMPTY_BODY = YES;
				CLANG_WARN_ENUM_CONVERSION = YES;
				CLANG_WARN_INFINITE_RECURSION = YES;
				CLANG_WARN_INT_CONVERSION = YES;
				CLANG_WARN_NON_LITERAL_NULL_CONVERSION = YES;
				CLANG_WARN_OBJC_IMPLICIT_RETAIN_SELF = YES;
				CLANG_WARN_OBJC_LITERAL_CONVERSION = YES;
				CLANG_WARN_OBJC_ROOT_CLASS = YES_ERROR;
				CLANG_WARN_QUOTED_INCLUDE_IN_FRAMEWORK_HEADER = YES;
				CLANG_WARN_RANGE_LOOP_ANALYSIS = YES;
				CLANG_WARN_STRICT_PROTOTYPES = YES;
				CLANG_WARN_SUSPICIOUS_MOVE = YES;
				CLANG_WARN_UNGUARDED_AVAILABILITY = YES_AGGRESSIVE;
				CLANG_WARN_UNREACHABLE_CODE = YES;
				CLANG_WARN__DUPLICATE_METHOD_MATCH = YES;
				COPY_PHASE_STRIP = NO;
				DEBUG_INFORMATION_FORMAT = dwarf;
				ENABLE_STRICT_OBJC_MSGSEND = YES;
				ENABLE_TESTABILITY = YES;
				ENABLE_USER_SCRIPT_SANDBOXING = YES;
				GCC_C_LANGUAGE_STANDARD = gnu17;
				GCC_DYNAMIC_NO_PIC = NO;
				GCC_NO_COMMON_BLOCKS = YES;
				GCC_OPTIMIZATION_LEVEL = 0;
				GCC_PREPROCESSOR_DEFINITIONS = (
					"DEBUG=1",
					"$(inherited)",
				);
				GCC_WARN_64_TO_32_BIT_CONVERSION = YES;
				GCC_WARN_ABOUT_RETURN_TYPE = YES_ERROR;
				GCC_WARN_UNDECLARED_SELECTOR = YES;
				GCC_WARN_UNINITIALIZED_AUTOS = YES_AGGRESSIVE;
				GCC_WARN_UNUSED_FUNCTION = YES;
				GCC_WARN_UNUSED_VARIABLE = YES;
				IPHONEOS_DEPLOYMENT_TARGET = 15.0;
				LOCALIZATION_PREFERS_STRING_CATALOGS = YES;
				MTL_ENABLE_DEBUG_INFO = INCLUDE_SOURCE;
				MTL_FAST_MATH = YES;
				ONLY_ACTIVE_ARCH = YES;
				SDKROOT = iphoneos;
				SWIFT_ACTIVE_COMPILATION_CONDITIONS = "DEBUG $(inherited)";
				SWIFT_OPTIMIZATION_LEVEL = "-Onone";
			};
			name = Debug;
		};
		815E65052C1AD434000185D7 /* Release */ = {
			isa = XCBuildConfiguration;
			buildSettings = {
				ALWAYS_SEARCH_USER_PATHS = NO;
				ASSETCATALOG_COMPILER_GENERATE_SWIFT_ASSET_SYMBOL_EXTENSIONS = YES;
				CLANG_ANALYZER_NONNULL = YES;
				CLANG_ANALYZER_NUMBER_OBJECT_CONVERSION = YES_AGGRESSIVE;
				CLANG_CXX_LANGUAGE_STANDARD = "gnu++20";
				CLANG_ENABLE_MODULES = YES;
				CLANG_ENABLE_OBJC_ARC = YES;
				CLANG_ENABLE_OBJC_WEAK = YES;
				CLANG_WARN_BLOCK_CAPTURE_AUTORELEASING = YES;
				CLANG_WARN_BOOL_CONVERSION = YES;
				CLANG_WARN_COMMA = YES;
				CLANG_WARN_CONSTANT_CONVERSION = YES;
				CLANG_WARN_DEPRECATED_OBJC_IMPLEMENTATIONS = YES;
				CLANG_WARN_DIRECT_OBJC_ISA_USAGE = YES_ERROR;
				CLANG_WARN_DOCUMENTATION_COMMENTS = YES;
				CLANG_WARN_EMPTY_BODY = YES;
				CLANG_WARN_ENUM_CONVERSION = YES;
				CLANG_WARN_INFINITE_RECURSION = YES;
				CLANG_WARN_INT_CONVERSION = YES;
				CLANG_WARN_NON_LITERAL_NULL_CONVERSION = YES;
				CLANG_WARN_OBJC_IMPLICIT_RETAIN_SELF = YES;
				CLANG_WARN_OBJC_LITERAL_CONVERSION = YES;
				CLANG_WARN_OBJC_ROOT_CLASS = YES_ERROR;
				CLANG_WARN_QUOTED_INCLUDE_IN_FRAMEWORK_HEADER = YES;
				CLANG_WARN_RANGE_LOOP_ANALYSIS = YES;
				CLANG_WARN_STRICT_PROTOTYPES = YES;
				CLANG_WARN_SUSPICIOUS_MOVE = YES;
				CLANG_WARN_UNGUARDED_AVAILABILITY = YES_AGGRESSIVE;
				CLANG_WARN_UNREACHABLE_CODE = YES;
				CLANG_WARN__DUPLICATE_METHOD_MATCH = YES;
				COPY_PHASE_STRIP = NO;
				DEBUG_INFORMATION_FORMAT = "dwarf-with-dsym";
				ENABLE_NS_ASSERTIONS = NO;
				ENABLE_STRICT_OBJC_MSGSEND = YES;
				ENABLE_USER_SCRIPT_SANDBOXING = YES;
				GCC_C_LANGUAGE_STANDARD = gnu17;
				GCC_NO_COMMON_BLOCKS = YES;
				GCC_WARN_64_TO_32_BIT_CONVERSION = YES;
				GCC_WARN_ABOUT_RETURN_TYPE = YES_ERROR;
				GCC_WARN_UNDECLARED_SELECTOR = YES;
				GCC_WARN_UNINITIALIZED_AUTOS = YES_AGGRESSIVE;
				GCC_WARN_UNUSED_FUNCTION = YES;
				GCC_WARN_UNUSED_VARIABLE = YES;
				IPHONEOS_DEPLOYMENT_TARGET = 15.0;
				LOCALIZATION_PREFERS_STRING_CATALOGS = YES;
				MTL_ENABLE_DEBUG_INFO = NO;
				MTL_FAST_MATH = YES;
				SDKROOT = iphoneos;
				SWIFT_COMPILATION_MODE = wholemodule;
				VALIDATE_PRODUCT = YES;
			};
			name = Release;
		};
		815E65072C1AD434000185D7 /* Debug */ = {
			isa = XCBuildConfiguration;
			buildSettings = {
				ASSETCATALOG_COMPILER_APPICON_NAME = AppIcon;
				ASSETCATALOG_COMPILER_GLOBAL_ACCENT_COLOR_NAME = AccentColor;
				CODE_SIGN_STYLE = Automatic;
				CURRENT_PROJECT_VERSION = 1;
				DEVELOPMENT_TEAM = YM49LMS87D;
				GENERATE_INFOPLIST_FILE = YES;
				INFOPLIST_FILE = ddonawa/Info.plist;
				INFOPLIST_KEY_CFBundleDisplayName = "강한결";
				INFOPLIST_KEY_UIApplicationSupportsIndirectInputEvents = YES;
				INFOPLIST_KEY_UILaunchStoryboardName = LaunchScreen;
				INFOPLIST_KEY_UISupportedInterfaceOrientations = UIInterfaceOrientationPortrait;
				INFOPLIST_KEY_UISupportedInterfaceOrientations_iPad = UIInterfaceOrientationPortrait;
				IPHONEOS_DEPLOYMENT_TARGET = 15.0;
				LD_RUNPATH_SEARCH_PATHS = (
					"$(inherited)",
					"@executable_path/Frameworks",
				);
				MARKETING_VERSION = 1.0;
				PRODUCT_BUNDLE_IDENTIFIER = com.hk.ddonawa;
				PRODUCT_NAME = "$(TARGET_NAME)";
				SUPPORTED_PLATFORMS = "iphoneos iphonesimulator";
				SUPPORTS_MACCATALYST = NO;
				SUPPORTS_MAC_DESIGNED_FOR_IPHONE_IPAD = NO;
				SUPPORTS_XR_DESIGNED_FOR_IPHONE_IPAD = NO;
				SWIFT_EMIT_LOC_STRINGS = YES;
				SWIFT_VERSION = 5.0;
				TARGETED_DEVICE_FAMILY = 1;
			};
			name = Debug;
		};
		815E65082C1AD434000185D7 /* Release */ = {
			isa = XCBuildConfiguration;
			buildSettings = {
				ASSETCATALOG_COMPILER_APPICON_NAME = AppIcon;
				ASSETCATALOG_COMPILER_GLOBAL_ACCENT_COLOR_NAME = AccentColor;
				CODE_SIGN_STYLE = Automatic;
				CURRENT_PROJECT_VERSION = 1;
				DEVELOPMENT_TEAM = YM49LMS87D;
				GENERATE_INFOPLIST_FILE = YES;
				INFOPLIST_FILE = ddonawa/Info.plist;
				INFOPLIST_KEY_CFBundleDisplayName = "강한결";
				INFOPLIST_KEY_UIApplicationSupportsIndirectInputEvents = YES;
				INFOPLIST_KEY_UILaunchStoryboardName = LaunchScreen;
				INFOPLIST_KEY_UISupportedInterfaceOrientations = UIInterfaceOrientationPortrait;
				INFOPLIST_KEY_UISupportedInterfaceOrientations_iPad = UIInterfaceOrientationPortrait;
				IPHONEOS_DEPLOYMENT_TARGET = 15.0;
				LD_RUNPATH_SEARCH_PATHS = (
					"$(inherited)",
					"@executable_path/Frameworks",
				);
				MARKETING_VERSION = 1.0;
				PRODUCT_BUNDLE_IDENTIFIER = com.hk.ddonawa;
				PRODUCT_NAME = "$(TARGET_NAME)";
				SUPPORTED_PLATFORMS = "iphoneos iphonesimulator";
				SUPPORTS_MACCATALYST = NO;
				SUPPORTS_MAC_DESIGNED_FOR_IPHONE_IPAD = NO;
				SUPPORTS_XR_DESIGNED_FOR_IPHONE_IPAD = NO;
				SWIFT_EMIT_LOC_STRINGS = YES;
				SWIFT_VERSION = 5.0;
				TARGETED_DEVICE_FAMILY = 1;
			};
			name = Release;
		};
/* End XCBuildConfiguration section */

/* Begin XCConfigurationList section */
		815E64ED2C1AD433000185D7 /* Build configuration list for PBXProject "ddonawa" */ = {
			isa = XCConfigurationList;
			buildConfigurations = (
				815E65042C1AD434000185D7 /* Debug */,
				815E65052C1AD434000185D7 /* Release */,
			);
			defaultConfigurationIsVisible = 0;
			defaultConfigurationName = Release;
		};
		815E65062C1AD434000185D7 /* Build configuration list for PBXNativeTarget "ddonawa" */ = {
			isa = XCConfigurationList;
			buildConfigurations = (
				815E65072C1AD434000185D7 /* Debug */,
				815E65082C1AD434000185D7 /* Release */,
			);
			defaultConfigurationIsVisible = 0;
			defaultConfigurationName = Release;
		};
/* End XCConfigurationList section */

/* Begin XCRemoteSwiftPackageReference section */
		815E65162C1AEA31000185D7 /* XCRemoteSwiftPackageReference "Alamofire" */ = {
			isa = XCRemoteSwiftPackageReference;
			repositoryURL = "https://github.com/Alamofire/Alamofire.git";
			requirement = {
				kind = upToNextMajorVersion;
				minimumVersion = 5.9.1;
			};
		};
		815E65242C1B2D2D000185D7 /* XCRemoteSwiftPackageReference "SnapKit" */ = {
			isa = XCRemoteSwiftPackageReference;
			repositoryURL = "https://github.com/SnapKit/SnapKit.git";
			requirement = {
				kind = upToNextMajorVersion;
				minimumVersion = 5.7.1;
			};
		};
		815E65272C1B2D39000185D7 /* XCRemoteSwiftPackageReference "Kingfisher" */ = {
			isa = XCRemoteSwiftPackageReference;
			repositoryURL = "https://github.com/onevcat/Kingfisher.git";
			requirement = {
				kind = upToNextMajorVersion;
				minimumVersion = 7.12.0;
			};
		};
		81DBEA1E2C251B310087016A /* XCRemoteSwiftPackageReference "Toast-Swift" */ = {
			isa = XCRemoteSwiftPackageReference;
			repositoryURL = "https://github.com/scalessec/Toast-Swift.git";
			requirement = {
				kind = upToNextMajorVersion;
				minimumVersion = 5.1.1;
			};
		};
/* End XCRemoteSwiftPackageReference section */

/* Begin XCSwiftPackageProductDependency section */
		815E65172C1AEA31000185D7 /* Alamofire */ = {
			isa = XCSwiftPackageProductDependency;
			package = 815E65162C1AEA31000185D7 /* XCRemoteSwiftPackageReference "Alamofire" */;
			productName = Alamofire;
		};
		815E65252C1B2D2D000185D7 /* SnapKit */ = {
			isa = XCSwiftPackageProductDependency;
			package = 815E65242C1B2D2D000185D7 /* XCRemoteSwiftPackageReference "SnapKit" */;
			productName = SnapKit;
		};
		815E65282C1B2D39000185D7 /* Kingfisher */ = {
			isa = XCSwiftPackageProductDependency;
			package = 815E65272C1B2D39000185D7 /* XCRemoteSwiftPackageReference "Kingfisher" */;
			productName = Kingfisher;
		};
		81DBEA1F2C251B310087016A /* Toast */ = {
			isa = XCSwiftPackageProductDependency;
			package = 81DBEA1E2C251B310087016A /* XCRemoteSwiftPackageReference "Toast-Swift" */;
			productName = Toast;
		};
/* End XCSwiftPackageProductDependency section */
	};
	rootObject = 815E64EA2C1AD433000185D7 /* Project object */;
}
